
Microsoft Visual Studio Solution File, Format Version 12.00
# Visual Studio Version 16
VisualStudioVersion = 16.0.31402.337
MinimumVisualStudioVersion = 10.0.40219.1
Project("{FAE04EC0-301F-11D3-BF4B-00C04F79EFBC}") = "ETMS", "ETMS\ETMS.csproj", "{FE2A5ABE-5EFB-4378-AD87-27778B48912A}"
EndProject
Global
	GlobalSection(SolutionConfigurationPlatforms) = preSolution
		Debug|Any CPU = Debug|Any CPU
		Release|Any CPU = Release|Any CPU
	EndGlobalSection
	GlobalSection(ProjectConfigurationPlatforms) = postSolution
		{FE2A5ABE-5EFB-4378-AD87-27778B48912A}.Debug|Any CPU.ActiveCfg = Debug|Any CPU
		{FE2A5ABE-5EFB-4378-AD87-27778B48912A}.Debug|Any CPU.Build.0 = Debug|Any CPU
		{FE2A5ABE-5EFB-4378-AD87-27778B48912A}.Release|Any CPU.ActiveCfg = Release|Any CPU
		{FE2A5ABE-5EFB-4378-AD87-27778B48912A}.Release|Any CPU.Build.0 = Release|Any CPU
	EndGlobalSection
	GlobalSection(SolutionProperties) = preSolution
		HideSolutionNode = FALSE
	EndGlobalSection
	GlobalSection(ExtensibilityGlobals) = postSolution
		SolutionGuid = {FDC6C63F-4AB8-4CB2-BE7B-B2C4A5A72C89}
	EndGlobalSection
EndGlobal
